
Microsoft Visual Studio Solution File, Format Version 12.00
# Visual Studio Version 16
VisualStudioVersion = 16.0.30204.135
MinimumVisualStudioVersion = 10.0.40219.1
Project("{FAE04EC0-301F-11D3-BF4B-00C04F79EFBC}") = "SalesWebMvc", "SalesWebMvc\SalesWebMvc.csproj", "{4356B1FA-E4C5-46DB-AC52-76F659AAB0C5}"
EndProject
Global
	GlobalSection(SolutionConfigurationPlatforms) = preSolution
		Debug|Any CPU = Debug|Any CPU
		Release|Any CPU = Release|Any CPU
	EndGlobalSection
	GlobalSection(ProjectConfigurationPlatforms) = postSolution
		{4356B1FA-E4C5-46DB-AC52-76F659AAB0C5}.Debug|Any CPU.ActiveCfg = Debug|Any CPU
		{4356B1FA-E4C5-46DB-AC52-76F659AAB0C5}.Debug|Any CPU.Build.0 = Debug|Any CPU
		{4356B1FA-E4C5-46DB-AC52-76F659AAB0C5}.Release|Any CPU.ActiveCfg = Release|Any CPU
		{4356B1FA-E4C5-46DB-AC52-76F659AAB0C5}.Release|Any CPU.Build.0 = Release|Any CPU
	EndGlobalSection
	GlobalSection(SolutionProperties) = preSolution
		HideSolutionNode = FALSE
	EndGlobalSection
	GlobalSection(ExtensibilityGlobals) = postSolution
		SolutionGuid = {660A768B-F63B-4C7C-A072-B6CB40628EB2}
	EndGlobalSection
EndGlobal
